
Microsoft Visual Studio Solution File, Format Version 12.00
# Visual Studio Version 17
VisualStudioVersion = 17.0.31903.59
MinimumVisualStudioVersion = 10.0.40219.1
Project("{FAE04EC0-301F-11D3-BF4B-00C04F79EFBC}") = "WebHookReceiverApi", "WebHookReceiverApi\WebHookReceiverApi.csproj", "{CE5FB5CA-2E2D-4D12-9450-0E7AB16FA83E}"
EndProject
Project("{FAE04EC0-301F-11D3-BF4B-00C04F79EFBC}") = "WebHookNotifier", "WebHookNotifier\WebHookNotifier.csproj", "{0171FE67-5DF6-4F66-B741-A97ADA9B7525}"
EndProject
Project("{FAE04EC0-301F-11D3-BF4B-00C04F79EFBC}") = "WebHookReceiverApiTests", "WebHookReceiverApiTests\WebHookReceiverApiTests.csproj", "{92EA9DF7-5AC7-4C20-8E7C-F96CAAEB0881}"
EndProject
Project("{FAE04EC0-301F-11D3-BF4B-00C04F79EFBC}") = "ApiKeyGenerator", "ApiKeyGenerator\ApiKeyGenerator.csproj", "{4AB26070-241C-4C7A-94F3-B15C867F5F4C}"
EndProject
Project("{FAE04EC0-301F-11D3-BF4B-00C04F79EFBC}") = "WebHookNotifierMaui", "WebHookNotifierMaui\WebHookNotifierMaui.csproj", "{6A196DF0-A770-45E4-9E41-603944DF1BE3}"
EndProject
Global
	GlobalSection(SolutionConfigurationPlatforms) = preSolution
		Debug|Any CPU = Debug|Any CPU
		Debug|x64 = Debug|x64
		Debug|x86 = Debug|x86
		Release|Any CPU = Release|Any CPU
		Release|x64 = Release|x64
		Release|x86 = Release|x86
	EndGlobalSection
	GlobalSection(ProjectConfigurationPlatforms) = postSolution
		{CE5FB5CA-2E2D-4D12-9450-0E7AB16FA83E}.Debug|Any CPU.ActiveCfg = Debug|Any CPU
		{CE5FB5CA-2E2D-4D12-9450-0E7AB16FA83E}.Debug|Any CPU.Build.0 = Debug|Any CPU
		{CE5FB5CA-2E2D-4D12-9450-0E7AB16FA83E}.Debug|x64.ActiveCfg = Debug|Any CPU
		{CE5FB5CA-2E2D-4D12-9450-0E7AB16FA83E}.Debug|x64.Build.0 = Debug|Any CPU
		{CE5FB5CA-2E2D-4D12-9450-0E7AB16FA83E}.Debug|x86.ActiveCfg = Debug|Any CPU
		{CE5FB5CA-2E2D-4D12-9450-0E7AB16FA83E}.Debug|x86.Build.0 = Debug|Any CPU
		{CE5FB5CA-2E2D-4D12-9450-0E7AB16FA83E}.Release|Any CPU.ActiveCfg = Release|Any CPU
		{CE5FB5CA-2E2D-4D12-9450-0E7AB16FA83E}.Release|Any CPU.Build.0 = Release|Any CPU
		{CE5FB5CA-2E2D-4D12-9450-0E7AB16FA83E}.Release|x64.ActiveCfg = Release|Any CPU
		{CE5FB5CA-2E2D-4D12-9450-0E7AB16FA83E}.Release|x64.Build.0 = Release|Any CPU
		{CE5FB5CA-2E2D-4D12-9450-0E7AB16FA83E}.Release|x86.ActiveCfg = Release|Any CPU
		{CE5FB5CA-2E2D-4D12-9450-0E7AB16FA83E}.Release|x86.Build.0 = Release|Any CPU
		{0171FE67-5DF6-4F66-B741-A97ADA9B7525}.Debug|Any CPU.ActiveCfg = Debug|Any CPU
		{0171FE67-5DF6-4F66-B741-A97ADA9B7525}.Debug|Any CPU.Build.0 = Debug|Any CPU
		{0171FE67-5DF6-4F66-B741-A97ADA9B7525}.Debug|x64.ActiveCfg = Debug|Any CPU
		{0171FE67-5DF6-4F66-B741-A97ADA9B7525}.Debug|x64.Build.0 = Debug|Any CPU
		{0171FE67-5DF6-4F66-B741-A97ADA9B7525}.Debug|x86.ActiveCfg = Debug|Any CPU
		{0171FE67-5DF6-4F66-B741-A97ADA9B7525}.Debug|x86.Build.0 = Debug|Any CPU
		{0171FE67-5DF6-4F66-B741-A97ADA9B7525}.Release|Any CPU.ActiveCfg = Release|Any CPU
		{0171FE67-5DF6-4F66-B741-A97ADA9B7525}.Release|Any CPU.Build.0 = Release|Any CPU
		{0171FE67-5DF6-4F66-B741-A97ADA9B7525}.Release|x64.ActiveCfg = Release|Any CPU
		{0171FE67-5DF6-4F66-B741-A97ADA9B7525}.Release|x64.Build.0 = Release|Any CPU
		{0171FE67-5DF6-4F66-B741-A97ADA9B7525}.Release|x86.ActiveCfg = Release|Any CPU
		{0171FE67-5DF6-4F66-B741-A97ADA9B7525}.Release|x86.Build.0 = Release|Any CPU
		{92EA9DF7-5AC7-4C20-8E7C-F96CAAEB0881}.Debug|Any CPU.ActiveCfg = Debug|Any CPU
		{92EA9DF7-5AC7-4C20-8E7C-F96CAAEB0881}.Debug|Any CPU.Build.0 = Debug|Any CPU
		{92EA9DF7-5AC7-4C20-8E7C-F96CAAEB0881}.Debug|x64.ActiveCfg = Debug|Any CPU
		{92EA9DF7-5AC7-4C20-8E7C-F96CAAEB0881}.Debug|x64.Build.0 = Debug|Any CPU
		{92EA9DF7-5AC7-4C20-8E7C-F96CAAEB0881}.Debug|x86.ActiveCfg = Debug|Any CPU
		{92EA9DF7-5AC7-4C20-8E7C-F96CAAEB0881}.Debug|x86.Build.0 = Debug|Any CPU
		{92EA9DF7-5AC7-4C20-8E7C-F96CAAEB0881}.Release|Any CPU.ActiveCfg = Release|Any CPU
		{92EA9DF7-5AC7-4C20-8E7C-F96CAAEB0881}.Release|Any CPU.Build.0 = Release|Any CPU
		{92EA9DF7-5AC7-4C20-8E7C-F96CAAEB0881}.Release|x64.ActiveCfg = Release|Any CPU
		{92EA9DF7-5AC7-4C20-8E7C-F96CAAEB0881}.Release|x64.Build.0 = Release|Any CPU
		{92EA9DF7-5AC7-4C20-8E7C-F96CAAEB0881}.Release|x86.ActiveCfg = Release|Any CPU
		{92EA9DF7-5AC7-4C20-8E7C-F96CAAEB0881}.Release|x86.Build.0 = Release|Any CPU
		{4AB26070-241C-4C7A-94F3-B15C867F5F4C}.Debug|Any CPU.ActiveCfg = Debug|Any CPU
		{4AB26070-241C-4C7A-94F3-B15C867F5F4C}.Debug|Any CPU.Build.0 = Debug|Any CPU
		{4AB26070-241C-4C7A-94F3-B15C867F5F4C}.Debug|x64.ActiveCfg = Debug|Any CPU
		{4AB26070-241C-4C7A-94F3-B15C867F5F4C}.Debug|x64.Build.0 = Debug|Any CPU
		{4AB26070-241C-4C7A-94F3-B15C867F5F4C}.Debug|x86.ActiveCfg = Debug|Any CPU
		{4AB26070-241C-4C7A-94F3-B15C867F5F4C}.Debug|x86.Build.0 = Debug|Any CPU
		{4AB26070-241C-4C7A-94F3-B15C867F5F4C}.Release|Any CPU.ActiveCfg = Release|Any CPU
		{4AB26070-241C-4C7A-94F3-B15C867F5F4C}.Release|Any CPU.Build.0 = Release|Any CPU
		{4AB26070-241C-4C7A-94F3-B15C867F5F4C}.Release|x64.ActiveCfg = Release|Any CPU
		{4AB26070-241C-4C7A-94F3-B15C867F5F4C}.Release|x64.Build.0 = Release|Any CPU
		{4AB26070-241C-4C7A-94F3-B15C867F5F4C}.Release|x86.ActiveCfg = Release|Any CPU
		{4AB26070-241C-4C7A-94F3-B15C867F5F4C}.Release|x86.Build.0 = Release|Any CPU
		{6A196DF0-A770-45E4-9E41-603944DF1BE3}.Debug|Any CPU.ActiveCfg = Debug|Any CPU
		{6A196DF0-A770-45E4-9E41-603944DF1BE3}.Debug|Any CPU.Build.0 = Debug|Any CPU
		{6A196DF0-A770-45E4-9E41-603944DF1BE3}.Debug|Any CPU.Deploy.0 = Debug|Any CPU
		{6A196DF0-A770-45E4-9E41-603944DF1BE3}.Debug|x64.ActiveCfg = Debug|Any CPU
		{6A196DF0-A770-45E4-9E41-603944DF1BE3}.Debug|x64.Build.0 = Debug|Any CPU
		{6A196DF0-A770-45E4-9E41-603944DF1BE3}.Debug|x64.Deploy.0 = Debug|Any CPU
		{6A196DF0-A770-45E4-9E41-603944DF1BE3}.Debug|x86.ActiveCfg = Debug|Any CPU
		{6A196DF0-A770-45E4-9E41-603944DF1BE3}.Debug|x86.Build.0 = Debug|Any CPU
		{6A196DF0-A770-45E4-9E41-603944DF1BE3}.Debug|x86.Deploy.0 = Debug|Any CPU
		{6A196DF0-A770-45E4-9E41-603944DF1BE3}.Release|Any CPU.ActiveCfg = Release|Any CPU
		{6A196DF0-A770-45E4-9E41-603944DF1BE3}.Release|Any CPU.Build.0 = Release|Any CPU
		{6A196DF0-A770-45E4-9E41-603944DF1BE3}.Release|Any CPU.Deploy.0 = Release|Any CPU
		{6A196DF0-A770-45E4-9E41-603944DF1BE3}.Release|x64.ActiveCfg = Release|Any CPU
		{6A196DF0-A770-45E4-9E41-603944DF1BE3}.Release|x64.Build.0 = Release|Any CPU
		{6A196DF0-A770-45E4-9E41-603944DF1BE3}.Release|x64.Deploy.0 = Release|Any CPU
		{6A196DF0-A770-45E4-9E41-603944DF1BE3}.Release|x86.ActiveCfg = Release|Any CPU
		{6A196DF0-A770-45E4-9E41-603944DF1BE3}.Release|x86.Build.0 = Release|Any CPU
		{6A196DF0-A770-45E4-9E41-603944DF1BE3}.Release|x86.Deploy.0 = Release|Any CPU
	EndGlobalSection
	GlobalSection(SolutionProperties) = preSolution
		HideSolutionNode = FALSE
	EndGlobalSection
EndGlobal
